{
  "originHash" : "abed0da5a89e381c447198c32e28f711b3c3d5cf549a96226c917307a4ce2d4e",
  "pins" : [
    {
      "identity" : "bleorchestration",
      "kind" : "remoteSourceControl",
      "location" : "https://github.com/rajeshm20/BLEOrchestration.git",
      "state" : {
        "revision" : "2f2043650be56f290e4947c88ccb24cbf128019d",
        "version" : "1.0.0"
      }
    }
  ],
  "version" : 3
}
